
Microsoft Visual Studio Solution File, Format Version 12.00
# Visual Studio Version 16
VisualStudioVersion = 16.0.28803.202
MinimumVisualStudioVersion = 10.0.40219.1
Project("{B5370347-29BB-47C7-863A-A421F123C50A}") = "AutoJobTitles", "AutoJobTitles.csproj", "{75DAEA9C-102F-427A-98DD-3C968C646D43}"
EndProject
Global
	GlobalSection(SolutionConfigurationPlatforms) = preSolution
		Debug|Any CPU = Debug|Any CPU
		Release|Any CPU = Release|Any CPU
	EndGlobalSection
	GlobalSection(ProjectConfigurationPlatforms) = postSolution
		{75DAEA9C-102F-427A-98DD-3C968C646D43}.Debug|Any CPU.ActiveCfg = Debug|Any CPU
		{75DAEA9C-102F-427A-98DD-3C968C646D43}.Debug|Any CPU.Build.0 = Debug|Any CPU
		{75DAEA9C-102F-427A-98DD-3C968C646D43}.Release|Any CPU.ActiveCfg = Release|Any CPU
		{75DAEA9C-102F-427A-98DD-3C968C646D43}.Release|Any CPU.Build.0 = Release|Any CPU
	EndGlobalSection
	GlobalSection(SolutionProperties) = preSolution
		HideSolutionNode = FALSE
	EndGlobalSection
	GlobalSection(ExtensibilityGlobals) = postSolution
		SolutionGuid = {D6E2DDE1-0215-428A-835F-CA54F49B0A07}
	EndGlobalSection
EndGlobal
